Microsoft Visual Studio Solution File, Format Version 12.00
# Visual Studio 2012
VisualStudioVersion = 12.0.0.0
MinimumVisualStudioVersion = 10.0.0.1
Project("{FAE04EC0-301F-11D3-BF4B-00C04F79EFBC}") = "Thinkcode.RabbitMQ.OpenAPI", "src\Thinkcode.RabbitMQ.OpenAPI\Thinkcode.RabbitMQ.OpenAPI.csproj", "{07DB8768-A272-44F0-959C-EB1D8642466C}"
EndProject
Project("{FAE04EC0-301F-11D3-BF4B-00C04F79EFBC}") = "Thinkcode.RabbitMQ.OpenAPI.Test", "src\Thinkcode.RabbitMQ.OpenAPI.Test\Thinkcode.RabbitMQ.OpenAPI.Test.csproj", "{19F1DEBC-DE5E-4517-8062-F000CD499087}"
EndProject
Global
	GlobalSection(SolutionConfigurationPlatforms) = preSolution
		Debug|Any CPU = Debug|Any CPU
		Release|Any CPU = Release|Any CPU
	EndGlobalSection
	GlobalSection(ProjectConfigurationPlatforms) = postSolution
		{07DB8768-A272-44F0-959C-EB1D8642466C}.Debug|Any CPU.ActiveCfg = Debug|Any CPU
		{07DB8768-A272-44F0-959C-EB1D8642466C}.Debug|Any CPU.Build.0 = Debug|Any CPU
		{07DB8768-A272-44F0-959C-EB1D8642466C}.Release|Any CPU.ActiveCfg = Release|Any CPU
		{07DB8768-A272-44F0-959C-EB1D8642466C}.Release|Any CPU.Build.0 = Release|Any CPU
		{19F1DEBC-DE5E-4517-8062-F000CD499087}.Debug|Any CPU.ActiveCfg = Debug|Any CPU
		{19F1DEBC-DE5E-4517-8062-F000CD499087}.Debug|Any CPU.Build.0 = Debug|Any CPU
		{19F1DEBC-DE5E-4517-8062-F000CD499087}.Release|Any CPU.ActiveCfg = Release|Any CPU
		{19F1DEBC-DE5E-4517-8062-F000CD499087}.Release|Any CPU.Build.0 = Release|Any CPU
	EndGlobalSection
	GlobalSection(SolutionProperties) = preSolution
		HideSolutionNode = FALSE
	EndGlobalSection
EndGlobal